# @generated by Move, please check-in and do not edit manually.

[move]
version = 2
manifest_digest = "A5741E5575B42430D47629408A42F4048F4F2CA513C2B5EA0E6AB432F667442B"
deps_digest = "3C4103934B1E040BB6B23F1D610B4EF9F2F1166A50A104EADCF77467C004C600"
dependencies = [
  { name = "Sui" },
  { name = "WormholeNtt" },
]

[[move.package]]
name = "MoveStdlib"
source = { git = "https://github.com/MystenLabs/sui.git", rev = "framework/testnet", subdir = "crates\\sui-framework\\packages\\move-stdlib" }

[[move.package]]
name = "Sui"
source = { git = "https://github.com/MystenLabs/sui.git", rev = "framework/testnet", subdir = "crates/sui-framework/packages/sui-framework" }

dependencies = [
  { name = "MoveStdlib" },
]

[[move.package]]
name = "Wormhole"
source = { local = "..\\..\\dependencies\\wormhole" }

dependencies = [
  { name = "Sui" },
]

[[move.package]]
name = "WormholeNtt"
source = { local = "..\\..\\contracts" }

dependencies = [
  { name = "Sui" },
  { name = "Wormhole" },
]

[move.toolchain-version]
compiler-version = "1.26.0"
edition = "legacy"
flavor = "sui"

[env]

[env.testnet]
chain-id = "4c78adac"
original-published-id = "0x7d69e6268080a452e1577412108257a637fa16b21e1a1b67471b5b7fbdd205ab"
latest-published-id = "0x7d69e6268080a452e1577412108257a637fa16b21e1a1b67471b5b7fbdd205ab"
published-version = "1"
