# @generated by Move, please check-in and do not edit manually.

[move]
version = 1
manifest_digest = "BB5B40796CDA311C3F5F9E894CC99BDB68EA20B1CD9D4952085CCED4E30D3EE9"
deps_digest = "3C4103934B1E040BB6B23F1D610B4EF9F2F1166A50A104EADCF77467C004C600"
dependencies = [
  { name = "Sui" },
  { name = "Wormhole" },
]

[[move.package]]
name = "MoveStdlib"
source = { git = "https://github.com/MystenLabs/sui.git", rev = "framework/testnet", subdir = "crates\\sui-framework\\packages\\move-stdlib" }

[[move.package]]
name = "Sui"
source = { git = "https://github.com/MystenLabs/sui.git", rev = "framework/testnet", subdir = "crates/sui-framework/packages/sui-framework" }

dependencies = [
  { name = "MoveStdlib" },
]

[[move.package]]
name = "Wormhole"
source = { local = "..\\dependencies\\wormhole" }

dependencies = [
  { name = "Sui" },
]

[move.toolchain-version]
compiler-version = "1.26.0"
edition = "legacy"
flavor = "sui"

[env]

[env.testnet]
chain-id = "4c78adac"
original-published-id = "0x8d143847d58cdd495b886e04f1a69d98f67b70c9cb0bcc96e76ac6ef71900041"
latest-published-id = "0x8d143847d58cdd495b886e04f1a69d98f67b70c9cb0bcc96e76ac6ef71900041"
published-version = "1"
