# @generated by Move, please check-in and do not edit manually.

[move]
version = 1
manifest_digest = "1EDE72DC9C268C634FBAA420EA892506B43DDFC8F1101889BA89D747FBE02AA4"
deps_digest = "3C4103934B1E040BB6B23F1D610B4EF9F2F1166A50A104EADCF77467C004C600"
dependencies = [
  { name = "Sui" },
  { name = "Wormhole" },
]

[[move.package]]
name = "MoveStdlib"
source = { git = "https://github.com/MystenLabs/sui.git", rev = "041c5f2bae2fe52079e44b70514333532d69f4e6", subdir = "crates\\sui-framework\\packages\\move-stdlib" }

[[move.package]]
name = "Sui"
source = { git = "https://github.com/MystenLabs/sui.git", rev = "041c5f2bae2fe52079e44b70514333532d69f4e6", subdir = "crates/sui-framework/packages/sui-framework" }

dependencies = [
  { name = "MoveStdlib" },
]

[[move.package]]
name = "Wormhole"
source = { local = "..\\dependencies\\wormhole" }

dependencies = [
  { name = "Sui" },
]

[move.toolchain-version]
compiler-version = "1.25.1"
edition = "legacy"
flavor = "sui"

[env]

[env.testnet]
chain-id = "4c78adac"
original-published-id = "0x408be43f5d9f173fcdda13d1ffef24bc9fc7fe553698616a09277855c5c5a030"
latest-published-id = "0x408be43f5d9f173fcdda13d1ffef24bc9fc7fe553698616a09277855c5c5a030"
published-version = "1"
